{
  "requires": true,
  "lockfileVersion": 1,
  "dependencies": {
    "fastintcompression": {
      "version": "0.0.2",
      "resolved": "https://registry.npmjs.org/fastintcompression/-/fastintcompression-0.0.2.tgz",
      "integrity": "sha1-V/m5aby1DDKg0kOcfWLzgxfkyEc="
    },
    "lz-string": {
      "version": "1.4.4",
      "resolved": "https://registry.npmjs.org/lz-string/-/lz-string-1.4.4.tgz",
      "integrity": "sha1-wNjq82BZ9wV5bh40SBHPTEmNOiY="
    }
  }
}
